{
  "name": "generate-reference-triangles",
  "requires": true,
  "lockfileVersion": 1,
  "dependencies": {
    "delaunator": {
      "version": "2.0.3",
      "resolved": "https://registry.npmjs.org/delaunator/-/delaunator-2.0.3.tgz",
      "integrity": "sha512-jHi7rPdAk9AqKFj+AZBchYgckSlVANdY8OMxhPmS24pRDFsJWuNoRyPxvPxOwaS6DWhy4/OOCthiuQmXI3QtKQ=="
    }
  }
}
