{
  "name": "generate-reference-triangles",
  "requires": true,
  "lockfileVersion": 1,
  "dependencies": {
    "delaunator": {
      "version": "2.0.2",
      "resolved": "https://registry.npmjs.org/delaunator/-/delaunator-2.0.2.tgz",
      "integrity": "sha512-b/M9/hu3wcGByyjqsLplB6ZyU7ZcMWTj79Kava6eSmQ2Ih2BbJR3KbqfpmyabTdkIyI9kKZS6+3nZOs+eTYXMQ=="
    }
  }
}
